// !$*UTF8*$!
{
	archiveVersion = 1;
	classes = {
	};
	objectVersion = 51;
	objects = {

/* Begin PBXBuildFile section */
		1341C027233C3AB500B683DF /* AppDelegate.swift in Sources */ = {isa = PBXBuildFile; fileRef = 1341C026233C3AB500B683DF /* AppDelegate.swift */; };
		1341C02C233C3AB500B683DF /* Main.storyboard in Resources */ = {isa = PBXBuildFile; fileRef = 1341C02A233C3AB500B683DF /* Main.storyboard */; };
		1341C02E233C3AB700B683DF /* Assets.xcassets in Resources */ = {isa = PBXBuildFile; fileRef = 1341C02D233C3AB700B683DF /* Assets.xcassets */; };
		1341C031233C3AB700B683DF /* LaunchScreen.storyboard in Resources */ = {isa = PBXBuildFile; fileRef = 1341C02F233C3AB700B683DF /* LaunchScreen.storyboard */; };
		1341C046233C3C6700B683DF /* MuseoSans-700Italic.otf in Resources */ = {isa = PBXBuildFile; fileRef = 1341C03C233C3C6600B683DF /* MuseoSans-700Italic.otf */; };
		1341C047233C3C6700B683DF /* MuseoSans-300Italic.otf in Resources */ = {isa = PBXBuildFile; fileRef = 1341C03D233C3C6600B683DF /* MuseoSans-300Italic.otf */; };
		1341C048233C3C6700B683DF /* MuseoSans-100.otf in Resources */ = {isa = PBXBuildFile; fileRef = 1341C03E233C3C6700B683DF /* MuseoSans-100.otf */; };
		1341C049233C3C6700B683DF /* MuseoSans-700.otf in Resources */ = {isa = PBXBuildFile; fileRef = 1341C03F233C3C6700B683DF /* MuseoSans-700.otf */; };
		1341C04A233C3C6700B683DF /* MuseoSans-500Italic.otf in Resources */ = {isa = PBXBuildFile; fileRef = 1341C040233C3C6700B683DF /* MuseoSans-500Italic.otf */; };
		1341C04B233C3C6700B683DF /* MuseoSans-100-Italic.otf in Resources */ = {isa = PBXBuildFile; fileRef = 1341C041233C3C6700B683DF /* MuseoSans-100-Italic.otf */; };
		1341C04C233C3C6700B683DF /* MuseoSans-500.otf in Resources */ = {isa = PBXBuildFile; fileRef = 1341C042233C3C6700B683DF /* MuseoSans-500.otf */; };
		1341C04D233C3C6700B683DF /* MuseoSans-300.otf in Resources */ = {isa = PBXBuildFile; fileRef = 1341C043233C3C6700B683DF /* MuseoSans-300.otf */; };
		1341C04E233C3C6700B683DF /* MuseoSans-900Italic.otf in Resources */ = {isa = PBXBuildFile; fileRef = 1341C044233C3C6700B683DF /* MuseoSans-900Italic.otf */; };
		1341C04F233C3C6700B683DF /* MuseoSans-900.otf in Resources */ = {isa = PBXBuildFile; fileRef = 1341C045233C3C6700B683DF /* MuseoSans-900.otf */; };
		1341C052233C3D1200B683DF /* InteractorInterface.swift in Sources */ = {isa = PBXBuildFile; fileRef = 1341C051233C3D1200B683DF /* InteractorInterface.swift */; };
		1341C054233C3D2D00B683DF /* PresenterInterface.swift in Sources */ = {isa = PBXBuildFile; fileRef = 1341C053233C3D2D00B683DF /* PresenterInterface.swift */; };
		1341C056233C3D4000B683DF /* ViewInterface.swift in Sources */ = {isa = PBXBuildFile; fileRef = 1341C055233C3D4000B683DF /* ViewInterface.swift */; };
		1341C058233C3D4F00B683DF /* WireframeInterface.swift in Sources */ = {isa = PBXBuildFile; fileRef = 1341C057233C3D4F00B683DF /* WireframeInterface.swift */; };
		1341C067233C426300B683DF /* Flickr_GalleryTests.swift in Sources */ = {isa = PBXBuildFile; fileRef = 1341C066233C426300B683DF /* Flickr_GalleryTests.swift */; };
		2CFBEFC00743EA4D729952A4 /* Pods_Flickr_Gallery.framework in Frameworks */ = {isa = PBXBuildFile; fileRef = FEFC7FE8DDA0683FA24D896A /* Pods_Flickr_Gallery.framework */; };
		8FEC3CDCBF143D1E32AB3D6E /* Pods_Flickr_GalleryTests.framework in Frameworks */ = {isa = PBXBuildFile; fileRef = BFC45C898DFD48A38F058252 /* Pods_Flickr_GalleryTests.framework */; };
/* End PBXBuildFile section */

/* Begin PBXContainerItemProxy section */
		1341C069233C426300B683DF /* PBXContainerItemProxy */ = {
			isa = PBXContainerItemProxy;
			containerPortal = 1341C01B233C3AB500B683DF /* Project object */;
			proxyType = 1;
			remoteGlobalIDString = 1341C022233C3AB500B683DF;
			remoteInfo = "Flickr-Gallery";
		};
/* End PBXContainerItemProxy section */

/* Begin PBXFileReference section */
		034A1C11262685C1812AB9E7 /* Pods-Flickr-GalleryTests.release.xcconfig */ = {isa = PBXFileReference; includeInIndex = 1; lastKnownFileType = text.xcconfig; name = "Pods-Flickr-GalleryTests.release.xcconfig"; path = "Target Support Files/Pods-Flickr-GalleryTests/Pods-Flickr-GalleryTests.release.xcconfig"; sourceTree = "<group>"; };
		1341C023233C3AB500B683DF /* Flickr-Gallery.app */ = {isa = PBXFileReference; explicitFileType = wrapper.application; includeInIndex = 0; path = "Flickr-Gallery.app"; sourceTree = BUILT_PRODUCTS_DIR; };
		1341C026233C3AB500B683DF /* AppDelegate.swift */ = {isa = PBXFileReference; lastKnownFileType = sourcecode.swift; path = AppDelegate.swift; sourceTree = "<group>"; };
		1341C02B233C3AB500B683DF /* Base */ = {isa = PBXFileReference; lastKnownFileType = file.storyboard; name = Base; path = Base.lproj/Main.storyboard; sourceTree = "<group>"; };
		1341C02D233C3AB700B683DF /* Assets.xcassets */ = {isa = PBXFileReference; lastKnownFileType = folder.assetcatalog; path = Assets.xcassets; sourceTree = "<group>"; };
		1341C030233C3AB700B683DF /* Base */ = {isa = PBXFileReference; lastKnownFileType = file.storyboard; name = Base; path = Base.lproj/LaunchScreen.storyboard; sourceTree = "<group>"; };
		1341C032233C3AB700B683DF /* Info.plist */ = {isa = PBXFileReference; lastKnownFileType = text.plist.xml; path = Info.plist; sourceTree = "<group>"; };
		1341C03C233C3C6600B683DF /* MuseoSans-700Italic.otf */ = {isa = PBXFileReference; lastKnownFileType = file; path = "MuseoSans-700Italic.otf"; sourceTree = "<group>"; };
		1341C03D233C3C6600B683DF /* MuseoSans-300Italic.otf */ = {isa = PBXFileReference; lastKnownFileType = file; path = "MuseoSans-300Italic.otf"; sourceTree = "<group>"; };
		1341C03E233C3C6700B683DF /* MuseoSans-100.otf */ = {isa = PBXFileReference; lastKnownFileType = file; path = "MuseoSans-100.otf"; sourceTree = "<group>"; };
		1341C03F233C3C6700B683DF /* MuseoSans-700.otf */ = {isa = PBXFileReference; lastKnownFileType = file; path = "MuseoSans-700.otf"; sourceTree = "<group>"; };
		1341C040233C3C6700B683DF /* MuseoSans-500Italic.otf */ = {isa = PBXFileReference; lastKnownFileType = file; path = "MuseoSans-500Italic.otf"; sourceTree = "<group>"; };
		1341C041233C3C6700B683DF /* MuseoSans-100-Italic.otf */ = {isa = PBXFileReference; lastKnownFileType = file; path = "MuseoSans-100-Italic.otf"; sourceTree = "<group>"; };
		1341C042233C3C6700B683DF /* MuseoSans-500.otf */ = {isa = PBXFileReference; lastKnownFileType = file; path = "MuseoSans-500.otf"; sourceTree = "<group>"; };
		1341C043233C3C6700B683DF /* MuseoSans-300.otf */ = {isa = PBXFileReference; lastKnownFileType = file; path = "MuseoSans-300.otf"; sourceTree = "<group>"; };
		1341C044233C3C6700B683DF /* MuseoSans-900Italic.otf */ = {isa = PBXFileReference; lastKnownFileType = file; path = "MuseoSans-900Italic.otf"; sourceTree = "<group>"; };
		1341C045233C3C6700B683DF /* MuseoSans-900.otf */ = {isa = PBXFileReference; lastKnownFileType = file; path = "MuseoSans-900.otf"; sourceTree = "<group>"; };
		1341C051233C3D1200B683DF /* InteractorInterface.swift */ = {isa = PBXFileReference; lastKnownFileType = sourcecode.swift; path = InteractorInterface.swift; sourceTree = "<group>"; };
		1341C053233C3D2D00B683DF /* PresenterInterface.swift */ = {isa = PBXFileReference; lastKnownFileType = sourcecode.swift; path = PresenterInterface.swift; sourceTree = "<group>"; };
		1341C055233C3D4000B683DF /* ViewInterface.swift */ = {isa = PBXFileReference; lastKnownFileType = sourcecode.swift; path = ViewInterface.swift; sourceTree = "<group>"; };
		1341C057233C3D4F00B683DF /* WireframeInterface.swift */ = {isa = PBXFileReference; lastKnownFileType = sourcecode.swift; path = WireframeInterface.swift; sourceTree = "<group>"; };
		1341C064233C426200B683DF /* Flickr-GalleryTests.xctest */ = {isa = PBXFileReference; explicitFileType = wrapper.cfbundle; includeInIndex = 0; path = "Flickr-GalleryTests.xctest"; sourceTree = BUILT_PRODUCTS_DIR; };
		1341C066233C426300B683DF /* Flickr_GalleryTests.swift */ = {isa = PBXFileReference; lastKnownFileType = sourcecode.swift; path = Flickr_GalleryTests.swift; sourceTree = "<group>"; };
		1341C068233C426300B683DF /* Info.plist */ = {isa = PBXFileReference; lastKnownFileType = text.plist.xml; path = Info.plist; sourceTree = "<group>"; };
		25136EEAFDB854CA26179789 /* Pods-Flickr-GalleryTests.debug.xcconfig */ = {isa = PBXFileReference; includeInIndex = 1; lastKnownFileType = text.xcconfig; name = "Pods-Flickr-GalleryTests.debug.xcconfig"; path = "Target Support Files/Pods-Flickr-GalleryTests/Pods-Flickr-GalleryTests.debug.xcconfig"; sourceTree = "<group>"; };
		5DCF1CD2F33303DDD1437644 /* Pods-Flickr-Gallery.debug.xcconfig */ = {isa = PBXFileReference; includeInIndex = 1; lastKnownFileType = text.xcconfig; name = "Pods-Flickr-Gallery.debug.xcconfig"; path = "Target Support Files/Pods-Flickr-Gallery/Pods-Flickr-Gallery.debug.xcconfig"; sourceTree = "<group>"; };
		633BEC4465BE4E65180931F0 /* Pods-Flickr-Gallery.release.xcconfig */ = {isa = PBXFileReference; includeInIndex = 1; lastKnownFileType = text.xcconfig; name = "Pods-Flickr-Gallery.release.xcconfig"; path = "Target Support Files/Pods-Flickr-Gallery/Pods-Flickr-Gallery.release.xcconfig"; sourceTree = "<group>"; };
		BFC45C898DFD48A38F058252 /* Pods_Flickr_GalleryTests.framework */ = {isa = PBXFileReference; explicitFileType = wrapper.framework; includeInIndex = 0; path = Pods_Flickr_GalleryTests.framework; sourceTree = BUILT_PRODUCTS_DIR; };
		FEFC7FE8DDA0683FA24D896A /* Pods_Flickr_Gallery.framework */ = {isa = PBXFileReference; explicitFileType = wrapper.framework; includeInIndex = 0; path = Pods_Flickr_Gallery.framework; sourceTree = BUILT_PRODUCTS_DIR; };
/* End PBXFileReference section */

/* Begin PBXFrameworksBuildPhase section */
		1341C020233C3AB500B683DF /* Frameworks */ = {
			isa = PBXFrameworksBuildPhase;
			buildActionMask = 2147483647;
			files = (
				2CFBEFC00743EA4D729952A4 /* Pods_Flickr_Gallery.framework in Frameworks */,
			);
			runOnlyForDeploymentPostprocessing = 0;
		};
		1341C061233C426200B683DF /* Frameworks */ = {
			isa = PBXFrameworksBuildPhase;
			buildActionMask = 2147483647;
			files = (
				8FEC3CDCBF143D1E32AB3D6E /* Pods_Flickr_GalleryTests.framework in Frameworks */,
			);
			runOnlyForDeploymentPostprocessing = 0;
		};
/* End PBXFrameworksBuildPhase section */

/* Begin PBXGroup section */
		1341C01A233C3AB500B683DF = {
			isa = PBXGroup;
			children = (
				1341C025233C3AB500B683DF /* Flickr-Gallery */,
				1341C065233C426300B683DF /* Flickr-GalleryTests */,
				1341C024233C3AB500B683DF /* Products */,
				D6C1A69DD87C2882C9516BE5 /* Pods */,
				70B6F6EF1FEF88C0808A7A55 /* Frameworks */,
			);
			sourceTree = "<group>";
		};
		1341C024233C3AB500B683DF /* Products */ = {
			isa = PBXGroup;
			children = (
				1341C023233C3AB500B683DF /* Flickr-Gallery.app */,
				1341C064233C426200B683DF /* Flickr-GalleryTests.xctest */,
			);
			name = Products;
			sourceTree = "<group>";
		};
		1341C025233C3AB500B683DF /* Flickr-Gallery */ = {
			isa = PBXGroup;
			children = (
				1341C038233C3B4000B683DF /* Application */,
				1341C050233C3CEC00B683DF /* Common */,
				1341C05C233C3DD400B683DF /* Modules */,
				1341C03A233C3B9300B683DF /* Resources */,
				1341C039233C3B7300B683DF /* Supporting Files */,
				1341C032233C3AB700B683DF /* Info.plist */,
			);
			path = "Flickr-Gallery";
			sourceTree = "<group>";
		};
		1341C038233C3B4000B683DF /* Application */ = {
			isa = PBXGroup;
			children = (
				1341C026233C3AB500B683DF /* AppDelegate.swift */,
			);
			path = Application;
			sourceTree = "<group>";
		};
		1341C039233C3B7300B683DF /* Supporting Files */ = {
			isa = PBXGroup;
			children = (
				1341C02A233C3AB500B683DF /* Main.storyboard */,
				1341C02F233C3AB700B683DF /* LaunchScreen.storyboard */,
			);
			path = "Supporting Files";
			sourceTree = "<group>";
		};
		1341C03A233C3B9300B683DF /* Resources */ = {
			isa = PBXGroup;
			children = (
				1341C03B233C3BA200B683DF /* Fonts */,
				1341C02D233C3AB700B683DF /* Assets.xcassets */,
			);
			path = Resources;
			sourceTree = "<group>";
		};
		1341C03B233C3BA200B683DF /* Fonts */ = {
			isa = PBXGroup;
			children = (
				1341C041233C3C6700B683DF /* MuseoSans-100-Italic.otf */,
				1341C03E233C3C6700B683DF /* MuseoSans-100.otf */,
				1341C043233C3C6700B683DF /* MuseoSans-300.otf */,
				1341C03D233C3C6600B683DF /* MuseoSans-300Italic.otf */,
				1341C042233C3C6700B683DF /* MuseoSans-500.otf */,
				1341C040233C3C6700B683DF /* MuseoSans-500Italic.otf */,
				1341C03F233C3C6700B683DF /* MuseoSans-700.otf */,
				1341C03C233C3C6600B683DF /* MuseoSans-700Italic.otf */,
				1341C045233C3C6700B683DF /* MuseoSans-900.otf */,
				1341C044233C3C6700B683DF /* MuseoSans-900Italic.otf */,
			);
			path = Fonts;
			sourceTree = "<group>";
		};
		1341C050233C3CEC00B683DF /* Common */ = {
			isa = PBXGroup;
			children = (
				1341C051233C3D1200B683DF /* InteractorInterface.swift */,
				1341C053233C3D2D00B683DF /* PresenterInterface.swift */,
				1341C055233C3D4000B683DF /* ViewInterface.swift */,
				1341C057233C3D4F00B683DF /* WireframeInterface.swift */,
				1341C05A233C3DA500B683DF /* Services */,
				1341C059233C3D9500B683DF /* Extensions */,
				1341C05B233C3DB600B683DF /* Helpers */,
			);
			path = Common;
			sourceTree = "<group>";
		};
		1341C059233C3D9500B683DF /* Extensions */ = {
			isa = PBXGroup;
			children = (
			);
			path = Extensions;
			sourceTree = "<group>";
		};
		1341C05A233C3DA500B683DF /* Services */ = {
			isa = PBXGroup;
			children = (
			);
			path = Services;
			sourceTree = "<group>";
		};
		1341C05B233C3DB600B683DF /* Helpers */ = {
			isa = PBXGroup;
			children = (
			);
			path = Helpers;
			sourceTree = "<group>";
		};
		1341C05C233C3DD400B683DF /* Modules */ = {
			isa = PBXGroup;
			children = (
				1341C05F233C40C500B683DF /* PhotoFeed */,
			);
			path = Modules;
			sourceTree = "<group>";
		};
		1341C05F233C40C500B683DF /* PhotoFeed */ = {
			isa = PBXGroup;
			children = (
			);
			path = PhotoFeed;
			sourceTree = "<group>";
		};
		1341C065233C426300B683DF /* Flickr-GalleryTests */ = {
			isa = PBXGroup;
			children = (
				1341C066233C426300B683DF /* Flickr_GalleryTests.swift */,
				1341C068233C426300B683DF /* Info.plist */,
			);
			path = "Flickr-GalleryTests";
			sourceTree = "<group>";
		};
		70B6F6EF1FEF88C0808A7A55 /* Frameworks */ = {
			isa = PBXGroup;
			children = (
				FEFC7FE8DDA0683FA24D896A /* Pods_Flickr_Gallery.framework */,
				BFC45C898DFD48A38F058252 /* Pods_Flickr_GalleryTests.framework */,
			);
			name = Frameworks;
			sourceTree = "<group>";
		};
		D6C1A69DD87C2882C9516BE5 /* Pods */ = {
			isa = PBXGroup;
			children = (
				5DCF1CD2F33303DDD1437644 /* Pods-Flickr-Gallery.debug.xcconfig */,
				633BEC4465BE4E65180931F0 /* Pods-Flickr-Gallery.release.xcconfig */,
				25136EEAFDB854CA26179789 /* Pods-Flickr-GalleryTests.debug.xcconfig */,
				034A1C11262685C1812AB9E7 /* Pods-Flickr-GalleryTests.release.xcconfig */,
			);
			path = Pods;
			sourceTree = "<group>";
		};
/* End PBXGroup section */

/* Begin PBXNativeTarget section */
		1341C022233C3AB500B683DF /* Flickr-Gallery */ = {
			isa = PBXNativeTarget;
			buildConfigurationList = 1341C035233C3AB700B683DF /* Build configuration list for PBXNativeTarget "Flickr-Gallery" */;
			buildPhases = (
				C78C82E860354C3256F43B0F /* [CP] Check Pods Manifest.lock */,
				1341C01F233C3AB500B683DF /* Sources */,
				1341C020233C3AB500B683DF /* Frameworks */,
				1341C021233C3AB500B683DF /* Resources */,
				869E5C129242DC4CFF5B51DD /* [CP] Embed Pods Frameworks */,
			);
			buildRules = (
			);
			dependencies = (
			);
			name = "Flickr-Gallery";
			productName = "Flickr-Gallery";
			productReference = 1341C023233C3AB500B683DF /* Flickr-Gallery.app */;
			productType = "com.apple.product-type.application";
		};
		1341C063233C426200B683DF /* Flickr-GalleryTests */ = {
			isa = PBXNativeTarget;
			buildConfigurationList = 1341C06B233C426300B683DF /* Build configuration list for PBXNativeTarget "Flickr-GalleryTests" */;
			buildPhases = (
				BE3E209DEB4BB1362328DB61 /* [CP] Check Pods Manifest.lock */,
				1341C060233C426200B683DF /* Sources */,
				1341C061233C426200B683DF /* Frameworks */,
				1341C062233C426200B683DF /* Resources */,
				22CB29395D1E5660CA1699D5 /* [CP] Embed Pods Frameworks */,
			);
			buildRules = (
			);
			dependencies = (
				1341C06A233C426300B683DF /* PBXTargetDependency */,
			);
			name = "Flickr-GalleryTests";
			productName = "Flickr-GalleryTests";
			productReference = 1341C064233C426200B683DF /* Flickr-GalleryTests.xctest */;
			productType = "com.apple.product-type.bundle.unit-test";
		};
/* End PBXNativeTarget section */

/* Begin PBXProject section */
		1341C01B233C3AB500B683DF /* Project object */ = {
			isa = PBXProject;
			attributes = {
				LastSwiftUpdateCheck = 1030;
				LastUpgradeCheck = 1030;
				TargetAttributes = {
					1341C022233C3AB500B683DF = {
						CreatedOnToolsVersion = 10.3;
					};
					1341C063233C426200B683DF = {
						CreatedOnToolsVersion = 10.3;
						TestTargetID = 1341C022233C3AB500B683DF;
					};
				};
			};
			buildConfigurationList = 1341C01E233C3AB500B683DF /* Build configuration list for PBXProject "Flickr-Gallery" */;
			compatibilityVersion = "Xcode 9.3";
			developmentRegion = en;
			hasScannedForEncodings = 0;
			knownRegions = (
				en,
				Base,
			);
			mainGroup = 1341C01A233C3AB500B683DF;
			productRefGroup = 1341C024233C3AB500B683DF /* Products */;
			projectDirPath = "";
			projectRoot = "";
			targets = (
				1341C022233C3AB500B683DF /* Flickr-Gallery */,
				1341C063233C426200B683DF /* Flickr-GalleryTests */,
			);
		};
/* End PBXProject section */

/* Begin PBXResourcesBuildPhase section */
		1341C021233C3AB500B683DF /* Resources */ = {
			isa = PBXResourcesBuildPhase;
			buildActionMask = 2147483647;
			files = (
				1341C04D233C3C6700B683DF /* MuseoSans-300.otf in Resources */,
				1341C031233C3AB700B683DF /* LaunchScreen.storyboard in Resources */,
				1341C02E233C3AB700B683DF /* Assets.xcassets in Resources */,
				1341C04B233C3C6700B683DF /* MuseoSans-100-Italic.otf in Resources */,
				1341C04E233C3C6700B683DF /* MuseoSans-900Italic.otf in Resources */,
				1341C048233C3C6700B683DF /* MuseoSans-100.otf in Resources */,
				1341C047233C3C6700B683DF /* MuseoSans-300Italic.otf in Resources */,
				1341C04A233C3C6700B683DF /* MuseoSans-500Italic.otf in Resources */,
				1341C046233C3C6700B683DF /* MuseoSans-700Italic.otf in Resources */,
				1341C049233C3C6700B683DF /* MuseoSans-700.otf in Resources */,
				1341C04C233C3C6700B683DF /* MuseoSans-500.otf in Resources */,
				1341C04F233C3C6700B683DF /* MuseoSans-900.otf in Resources */,
				1341C02C233C3AB500B683DF /* Main.storyboard in Resources */,
			);
			runOnlyForDeploymentPostprocessing = 0;
		};
		1341C062233C426200B683DF /* Resources */ = {
			isa = PBXResourcesBuildPhase;
			buildActionMask = 2147483647;
			files = (
			);
			runOnlyForDeploymentPostprocessing = 0;
		};
/* End PBXResourcesBuildPhase section */

/* Begin PBXShellScriptBuildPhase section */
		22CB29395D1E5660CA1699D5 /* [CP] Embed Pods Frameworks */ = {
			isa = PBXShellScriptBuildPhase;
			buildActionMask = 2147483647;
			files = (
			);
			inputFileListPaths = (
				"${PODS_ROOT}/Target Support Files/Pods-Flickr-GalleryTests/Pods-Flickr-GalleryTests-frameworks-${CONFIGURATION}-input-files.xcfilelist",
			);
			name = "[CP] Embed Pods Frameworks";
			outputFileListPaths = (
				"${PODS_ROOT}/Target Support Files/Pods-Flickr-GalleryTests/Pods-Flickr-GalleryTests-frameworks-${CONFIGURATION}-output-files.xcfilelist",
			);
			runOnlyForDeploymentPostprocessing = 0;
			shellPath = /bin/sh;
			shellScript = "\"${PODS_ROOT}/Target Support Files/Pods-Flickr-GalleryTests/Pods-Flickr-GalleryTests-frameworks.sh\"\n";
			showEnvVarsInLog = 0;
		};
		869E5C129242DC4CFF5B51DD /* [CP] Embed Pods Frameworks */ = {
			isa = PBXShellScriptBuildPhase;
			buildActionMask = 2147483647;
			files = (
			);
			inputFileListPaths = (
				"${PODS_ROOT}/Target Support Files/Pods-Flickr-Gallery/Pods-Flickr-Gallery-frameworks-${CONFIGURATION}-input-files.xcfilelist",
			);
			name = "[CP] Embed Pods Frameworks";
			outputFileListPaths = (
				"${PODS_ROOT}/Target Support Files/Pods-Flickr-Gallery/Pods-Flickr-Gallery-frameworks-${CONFIGURATION}-output-files.xcfilelist",
			);
			runOnlyForDeploymentPostprocessing = 0;
			shellPath = /bin/sh;
			shellScript = "\"${PODS_ROOT}/Target Support Files/Pods-Flickr-Gallery/Pods-Flickr-Gallery-frameworks.sh\"\n";
			showEnvVarsInLog = 0;
		};
		BE3E209DEB4BB1362328DB61 /* [CP] Check Pods Manifest.lock */ = {
			isa = PBXShellScriptBuildPhase;
			buildActionMask = 2147483647;
			files = (
			);
			inputFileListPaths = (
			);
			inputPaths = (
				"${PODS_PODFILE_DIR_PATH}/Podfile.lock",
				"${PODS_ROOT}/Manifest.lock",
			);
			name = "[CP] Check Pods Manifest.lock";
			outputFileListPaths = (
			);
			outputPaths = (
				"$(DERIVED_FILE_DIR)/Pods-Flickr-GalleryTests-checkManifestLockResult.txt",
			);
			runOnlyForDeploymentPostprocessing = 0;
			shellPath = /bin/sh;
			shellScript = "diff \"${PODS_PODFILE_DIR_PATH}/Podfile.lock\" \"${PODS_ROOT}/Manifest.lock\" > /dev/null\nif [ $? != 0 ] ; then\n    # print error to STDERR\n    echo \"error: The sandbox is not in sync with the Podfile.lock. Run 'pod install' or update your CocoaPods installation.\" >&2\n    exit 1\nfi\n# This output is used by Xcode 'outputs' to avoid re-running this script phase.\necho \"SUCCESS\" > \"${SCRIPT_OUTPUT_FILE_0}\"\n";
			showEnvVarsInLog = 0;
		};
		C78C82E860354C3256F43B0F /* [CP] Check Pods Manifest.lock */ = {
			isa = PBXShellScriptBuildPhase;
			buildActionMask = 2147483647;
			files = (
			);
			inputFileListPaths = (
			);
			inputPaths = (
				"${PODS_PODFILE_DIR_PATH}/Podfile.lock",
				"${PODS_ROOT}/Manifest.lock",
			);
			name = "[CP] Check Pods Manifest.lock";
			outputFileListPaths = (
			);
			outputPaths = (
				"$(DERIVED_FILE_DIR)/Pods-Flickr-Gallery-checkManifestLockResult.txt",
			);
			runOnlyForDeploymentPostprocessing = 0;
			shellPath = /bin/sh;
			shellScript = "diff \"${PODS_PODFILE_DIR_PATH}/Podfile.lock\" \"${PODS_ROOT}/Manifest.lock\" > /dev/null\nif [ $? != 0 ] ; then\n    # print error to STDERR\n    echo \"error: The sandbox is not in sync with the Podfile.lock. Run 'pod install' or update your CocoaPods installation.\" >&2\n    exit 1\nfi\n# This output is used by Xcode 'outputs' to avoid re-running this script phase.\necho \"SUCCESS\" > \"${SCRIPT_OUTPUT_FILE_0}\"\n";
			showEnvVarsInLog = 0;
		};
/* End PBXShellScriptBuildPhase section */

/* Begin PBXSourcesBuildPhase section */
		1341C01F233C3AB500B683DF /* Sources */ = {
			isa = PBXSourcesBuildPhase;
			buildActionMask = 2147483647;
			files = (
				1341C052233C3D1200B683DF /* InteractorInterface.swift in Sources */,
				1341C058233C3D4F00B683DF /* WireframeInterface.swift in Sources */,
				1341C027233C3AB500B683DF /* AppDelegate.swift in Sources */,
				1341C056233C3D4000B683DF /* ViewInterface.swift in Sources */,
				1341C054233C3D2D00B683DF /* PresenterInterface.swift in Sources */,
			);
			runOnlyForDeploymentPostprocessing = 0;
		};
		1341C060233C426200B683DF /* Sources */ = {
			isa = PBXSourcesBuildPhase;
			buildActionMask = 2147483647;
			files = (
				1341C067233C426300B683DF /* Flickr_GalleryTests.swift in Sources */,
			);
			runOnlyForDeploymentPostprocessing = 0;
		};
/* End PBXSourcesBuildPhase section */

/* Begin PBXTargetDependency section */
		1341C06A233C426300B683DF /* PBXTargetDependency */ = {
			isa = PBXTargetDependency;
			target = 1341C022233C3AB500B683DF /* Flickr-Gallery */;
			targetProxy = 1341C069233C426300B683DF /* PBXContainerItemProxy */;
		};
/* End PBXTargetDependency section */

/* Begin PBXVariantGroup section */
		1341C02A233C3AB500B683DF /* Main.storyboard */ = {
			isa = PBXVariantGroup;
			children = (
				1341C02B233C3AB500B683DF /* Base */,
			);
			name = Main.storyboard;
			sourceTree = "<group>";
		};
		1341C02F233C3AB700B683DF /* LaunchScreen.storyboard */ = {
			isa = PBXVariantGroup;
			children = (
				1341C030233C3AB700B683DF /* Base */,
			);
			name = LaunchScreen.storyboard;
			sourceTree = "<group>";
		};
/* End PBXVariantGroup section */

/* Begin XCBuildConfiguration section */
		1341C033233C3AB700B683DF /* Debug */ = {
			isa = XCBuildConfiguration;
			buildSettings = {
				ALWAYS_SEARCH_USER_PATHS = NO;
				CLANG_ANALYZER_NONNULL = YES;
				CLANG_ANALYZER_NUMBER_OBJECT_CONVERSION = YES_AGGRESSIVE;
				CLANG_CXX_LANGUAGE_STANDARD = "gnu++14";
				CLANG_CXX_LIBRARY = "libc++";
				CLANG_ENABLE_MODULES = YES;
				CLANG_ENABLE_OBJC_ARC = YES;
				CLANG_ENABLE_OBJC_WEAK = YES;
				CLANG_WARN_BLOCK_CAPTURE_AUTORELEASING = YES;
				CLANG_WARN_BOOL_CONVERSION = YES;
				CLANG_WARN_COMMA = YES;
				CLANG_WARN_CONSTANT_CONVERSION = YES;
				CLANG_WARN_DEPRECATED_OBJC_IMPLEMENTATIONS = YES;
				CLANG_WARN_DIRECT_OBJC_ISA_USAGE = YES_ERROR;
				CLANG_WARN_DOCUMENTATION_COMMENTS = YES;
				CLANG_WARN_EMPTY_BODY = YES;
				CLANG_WARN_ENUM_CONVERSION = YES;
				CLANG_WARN_INFINITE_RECURSION = YES;
				CLANG_WARN_INT_CONVERSION = YES;
				CLANG_WARN_NON_LITERAL_NULL_CONVERSION = YES;
				CLANG_WARN_OBJC_IMPLICIT_RETAIN_SELF = YES;
				CLANG_WARN_OBJC_LITERAL_CONVERSION = YES;
				CLANG_WARN_OBJC_ROOT_CLASS = YES_ERROR;
				CLANG_WARN_RANGE_LOOP_ANALYSIS = YES;
				CLANG_WARN_STRICT_PROTOTYPES = YES;
				CLANG_WARN_SUSPICIOUS_MOVE = YES;
				CLANG_WARN_UNGUARDED_AVAILABILITY = YES_AGGRESSIVE;
				CLANG_WARN_UNREACHABLE_CODE = YES;
				CLANG_WARN__DUPLICATE_METHOD_MATCH = YES;
				CODE_SIGN_IDENTITY = "iPhone Developer";
				COPY_PHASE_STRIP = NO;
				DEBUG_INFORMATION_FORMAT = dwarf;
				ENABLE_STRICT_OBJC_MSGSEND = YES;
				ENABLE_TESTABILITY = YES;
				GCC_C_LANGUAGE_STANDARD = gnu11;
				GCC_DYNAMIC_NO_PIC = NO;
				GCC_NO_COMMON_BLOCKS = YES;
				GCC_OPTIMIZATION_LEVEL = 0;
				GCC_PREPROCESSOR_DEFINITIONS = (
					"DEBUG=1",
					"$(inherited)",
				);
				GCC_WARN_64_TO_32_BIT_CONVERSION = YES;
				GCC_WARN_ABOUT_RETURN_TYPE = YES_ERROR;
				GCC_WARN_UNDECLARED_SELECTOR = YES;
				GCC_WARN_UNINITIALIZED_AUTOS = YES_AGGRESSIVE;
				GCC_WARN_UNUSED_FUNCTION = YES;
				GCC_WARN_UNUSED_VARIABLE = YES;
				IPHONEOS_DEPLOYMENT_TARGET = 12.4;
				MTL_ENABLE_DEBUG_INFO = INCLUDE_SOURCE;
				MTL_FAST_MATH = YES;
				ONLY_ACTIVE_ARCH = YES;
				SDKROOT = iphoneos;
				SWIFT_ACTIVE_COMPILATION_CONDITIONS = DEBUG;
				SWIFT_OPTIMIZATION_LEVEL = "-Onone";
			};
			name = Debug;
		};
		1341C034233C3AB700B683DF /* Release */ = {
			isa = XCBuildConfiguration;
			buildSettings = {
				ALWAYS_SEARCH_USER_PATHS = NO;
				CLANG_ANALYZER_NONNULL = YES;
				CLANG_ANALYZER_NUMBER_OBJECT_CONVERSION = YES_AGGRESSIVE;
				CLANG_CXX_LANGUAGE_STANDARD = "gnu++14";
				CLANG_CXX_LIBRARY = "libc++";
				CLANG_ENABLE_MODULES = YES;
				CLANG_ENABLE_OBJC_ARC = YES;
				CLANG_ENABLE_OBJC_WEAK = YES;
				CLANG_WARN_BLOCK_CAPTURE_AUTORELEASING = YES;
				CLANG_WARN_BOOL_CONVERSION = YES;
				CLANG_WARN_COMMA = YES;
				CLANG_WARN_CONSTANT_CONVERSION = YES;
				CLANG_WARN_DEPRECATED_OBJC_IMPLEMENTATIONS = YES;
				CLANG_WARN_DIRECT_OBJC_ISA_USAGE = YES_ERROR;
				CLANG_WARN_DOCUMENTATION_COMMENTS = YES;
				CLANG_WARN_EMPTY_BODY = YES;
				CLANG_WARN_ENUM_CONVERSION = YES;
				CLANG_WARN_INFINITE_RECURSION = YES;
				CLANG_WARN_INT_CONVERSION = YES;
				CLANG_WARN_NON_LITERAL_NULL_CONVERSION = YES;
				CLANG_WARN_OBJC_IMPLICIT_RETAIN_SELF = YES;
				CLANG_WARN_OBJC_LITERAL_CONVERSION = YES;
				CLANG_WARN_OBJC_ROOT_CLASS = YES_ERROR;
				CLANG_WARN_RANGE_LOOP_ANALYSIS = YES;
				CLANG_WARN_STRICT_PROTOTYPES = YES;
				CLANG_WARN_SUSPICIOUS_MOVE = YES;
				CLANG_WARN_UNGUARDED_AVAILABILITY = YES_AGGRESSIVE;
				CLANG_WARN_UNREACHABLE_CODE = YES;
				CLANG_WARN__DUPLICATE_METHOD_MATCH = YES;
				CODE_SIGN_IDENTITY = "iPhone Developer";
				COPY_PHASE_STRIP = NO;
				DEBUG_INFORMATION_FORMAT = "dwarf-with-dsym";
				ENABLE_NS_ASSERTIONS = NO;
				ENABLE_STRICT_OBJC_MSGSEND = YES;
				GCC_C_LANGUAGE_STANDARD = gnu11;
				GCC_NO_COMMON_BLOCKS = YES;
				GCC_WARN_64_TO_32_BIT_CONVERSION = YES;
				GCC_WARN_ABOUT_RETURN_TYPE = YES_ERROR;
				GCC_WARN_UNDECLARED_SELECTOR = YES;
				GCC_WARN_UNINITIALIZED_AUTOS = YES_AGGRESSIVE;
				GCC_WARN_UNUSED_FUNCTION = YES;
				GCC_WARN_UNUSED_VARIABLE = YES;
				IPHONEOS_DEPLOYMENT_TARGET = 12.4;
				MTL_ENABLE_DEBUG_INFO = NO;
				MTL_FAST_MATH = YES;
				SDKROOT = iphoneos;
				SWIFT_COMPILATION_MODE = wholemodule;
				SWIFT_OPTIMIZATION_LEVEL = "-O";
				VALIDATE_PRODUCT = YES;
			};
			name = Release;
		};
		1341C036233C3AB700B683DF /* Debug */ = {
			isa = XCBuildConfiguration;
			baseConfigurationReference = 5DCF1CD2F33303DDD1437644 /* Pods-Flickr-Gallery.debug.xcconfig */;
			buildSettings = {
				ASSETCATALOG_COMPILER_APPICON_NAME = AppIcon;
				CODE_SIGN_STYLE = Automatic;
				INFOPLIST_FILE = "Flickr-Gallery/Info.plist";
				LD_RUNPATH_SEARCH_PATHS = (
					"$(inherited)",
					"@executable_path/Frameworks",
				);
				PRODUCT_BUNDLE_IDENTIFIER = "com.milan-shah.FlickrGallery.Flickr-Gallery";
				PRODUCT_NAME = "$(TARGET_NAME)";
				SWIFT_VERSION = 5.0;
				TARGETED_DEVICE_FAMILY = "1,2";
			};
			name = Debug;
		};
		1341C037233C3AB700B683DF /* Release */ = {
			isa = XCBuildConfiguration;
			baseConfigurationReference = 633BEC4465BE4E65180931F0 /* Pods-Flickr-Gallery.release.xcconfig */;
			buildSettings = {
				ASSETCATALOG_COMPILER_APPICON_NAME = AppIcon;
				CODE_SIGN_STYLE = Automatic;
				INFOPLIST_FILE = "Flickr-Gallery/Info.plist";
				LD_RUNPATH_SEARCH_PATHS = (
					"$(inherited)",
					"@executable_path/Frameworks",
				);
				PRODUCT_BUNDLE_IDENTIFIER = "com.milan-shah.FlickrGallery.Flickr-Gallery";
				PRODUCT_NAME = "$(TARGET_NAME)";
				SWIFT_VERSION = 5.0;
				TARGETED_DEVICE_FAMILY = "1,2";
			};
			name = Release;
		};
		1341C06C233C426300B683DF /* Debug */ = {
			isa = XCBuildConfiguration;
			baseConfigurationReference = 25136EEAFDB854CA26179789 /* Pods-Flickr-GalleryTests.debug.xcconfig */;
			buildSettings = {
				BUNDLE_LOADER = "$(TEST_HOST)";
				CODE_SIGN_STYLE = Automatic;
				INFOPLIST_FILE = "Flickr-GalleryTests/Info.plist";
				LD_RUNPATH_SEARCH_PATHS = (
					"$(inherited)",
					"@executable_path/Frameworks",
					"@loader_path/Frameworks",
				);
				PRODUCT_BUNDLE_IDENTIFIER = "com.milan-shah.FlickrGallery.Flickr-GalleryTests";
				PRODUCT_NAME = "$(TARGET_NAME)";
				SWIFT_VERSION = 5.0;
				TARGETED_DEVICE_FAMILY = "1,2";
				TEST_HOST = "$(BUILT_PRODUCTS_DIR)/Flickr-Gallery.app/Flickr-Gallery";
			};
			name = Debug;
		};
		1341C06D233C426300B683DF /* Release */ = {
			isa = XCBuildConfiguration;
			baseConfigurationReference = 034A1C11262685C1812AB9E7 /* Pods-Flickr-GalleryTests.release.xcconfig */;
			buildSettings = {
				BUNDLE_LOADER = "$(TEST_HOST)";
				CODE_SIGN_STYLE = Automatic;
				INFOPLIST_FILE = "Flickr-GalleryTests/Info.plist";
				LD_RUNPATH_SEARCH_PATHS = (
					"$(inherited)",
					"@executable_path/Frameworks",
					"@loader_path/Frameworks",
				);
				PRODUCT_BUNDLE_IDENTIFIER = "com.milan-shah.FlickrGallery.Flickr-GalleryTests";
				PRODUCT_NAME = "$(TARGET_NAME)";
				SWIFT_VERSION = 5.0;
				TARGETED_DEVICE_FAMILY = "1,2";
				TEST_HOST = "$(BUILT_PRODUCTS_DIR)/Flickr-Gallery.app/Flickr-Gallery";
			};
			name = Release;
		};
/* End XCBuildConfiguration section */

/* Begin XCConfigurationList section */
		1341C01E233C3AB500B683DF /* Build configuration list for PBXProject "Flickr-Gallery" */ = {
			isa = XCConfigurationList;
			buildConfigurations = (
				1341C033233C3AB700B683DF /* Debug */,
				1341C034233C3AB700B683DF /* Release */,
			);
			defaultConfigurationIsVisible = 0;
			defaultConfigurationName = Release;
		};
		1341C035233C3AB700B683DF /* Build configuration list for PBXNativeTarget "Flickr-Gallery" */ = {
			isa = XCConfigurationList;
			buildConfigurations = (
				1341C036233C3AB700B683DF /* Debug */,
				1341C037233C3AB700B683DF /* Release */,
			);
			defaultConfigurationIsVisible = 0;
			defaultConfigurationName = Release;
		};
		1341C06B233C426300B683DF /* Build configuration list for PBXNativeTarget "Flickr-GalleryTests" */ = {
			isa = XCConfigurationList;
			buildConfigurations = (
				1341C06C233C426300B683DF /* Debug */,
				1341C06D233C426300B683DF /* Release */,
			);
			defaultConfigurationIsVisible = 0;
			defaultConfigurationName = Release;
		};
/* End XCConfigurationList section */
	};
	rootObject = 1341C01B233C3AB500B683DF /* Project object */;
}
